// !$*UTF8*$!
{
	archiveVersion = 1;
	classes = {
	};
	objectVersion = 55;
	objects = {

/* Begin PBXBuildFile section */
		270705ED273C1A9500FFD844 /* WriteMemo.storyboard in Resources */ = {isa = PBXBuildFile; fileRef = 270705EC273C1A9500FFD844 /* WriteMemo.storyboard */; };
		270705EF273C1AB400FFD844 /* WriteMemoViewController.swift in Sources */ = {isa = PBXBuildFile; fileRef = 270705EE273C1AB400FFD844 /* WriteMemoViewController.swift */; };
		270705F2273C2BED00FFD844 /* Realm in Frameworks */ = {isa = PBXBuildFile; productRef = 270705F1273C2BED00FFD844 /* Realm */; };
		270705F4273C2BED00FFD844 /* RealmSwift in Frameworks */ = {isa = PBXBuildFile; productRef = 270705F3273C2BED00FFD844 /* RealmSwift */; };
		270705F7273C2D3500FFD844 /* IQKeyboardManagerSwift in Frameworks */ = {isa = PBXBuildFile; productRef = 270705F6273C2D3500FFD844 /* IQKeyboardManagerSwift */; };
		270705F9273C2E9D00FFD844 /* MemoModel.swift in Sources */ = {isa = PBXBuildFile; fileRef = 270705F8273C2E9D00FFD844 /* MemoModel.swift */; };
		270705FC273D07A000FFD844 /* Toast in Frameworks */ = {isa = PBXBuildFile; productRef = 270705FB273D07A000FFD844 /* Toast */; };
		27070602273F183200FFD844 /* UILabel+Extension.swift in Sources */ = {isa = PBXBuildFile; fileRef = 27070601273F183200FFD844 /* UILabel+Extension.swift */; };
		27070604273F1D0A00FFD844 /* Onboarding.storyboard in Resources */ = {isa = PBXBuildFile; fileRef = 27070603273F1D0A00FFD844 /* Onboarding.storyboard */; };
		27070606273F1D3200FFD844 /* OnBoardingViewController.swift in Sources */ = {isa = PBXBuildFile; fileRef = 27070605273F1D3200FFD844 /* OnBoardingViewController.swift */; };
		279D7CB627396CB0005CA20F /* AppDelegate.swift in Sources */ = {isa = PBXBuildFile; fileRef = 279D7CB527396CB0005CA20F /* AppDelegate.swift */; };
		279D7CB827396CB0005CA20F /* SceneDelegate.swift in Sources */ = {isa = PBXBuildFile; fileRef = 279D7CB727396CB0005CA20F /* SceneDelegate.swift */; };
		279D7CBA27396CB0005CA20F /* MemoViewController.swift in Sources */ = {isa = PBXBuildFile; fileRef = 279D7CB927396CB0005CA20F /* MemoViewController.swift */; };
		279D7CBD27396CB0005CA20F /* Memo.storyboard in Resources */ = {isa = PBXBuildFile; fileRef = 279D7CBB27396CB0005CA20F /* Memo.storyboard */; };
		279D7CBF27396CB4005CA20F /* Assets.xcassets in Resources */ = {isa = PBXBuildFile; fileRef = 279D7CBE27396CB4005CA20F /* Assets.xcassets */; };
		279D7CC227396CB4005CA20F /* LaunchScreen.storyboard in Resources */ = {isa = PBXBuildFile; fileRef = 279D7CC027396CB4005CA20F /* LaunchScreen.storyboard */; };
		279D7CCA27397ED0005CA20F /* memoBackImage.png in Resources */ = {isa = PBXBuildFile; fileRef = 279D7CC927397ED0005CA20F /* memoBackImage.png */; };
		279D7CCC273AC7D4005CA20F /* CALayer+Extension.swift in Sources */ = {isa = PBXBuildFile; fileRef = 279D7CCB273AC7D4005CA20F /* CALayer+Extension.swift */; };
		279D7CCE273ACDBE005CA20F /* UIView+Extension.swift in Sources */ = {isa = PBXBuildFile; fileRef = 279D7CCD273ACDBE005CA20F /* UIView+Extension.swift */; };
/* End PBXBuildFile section */

/* Begin PBXFileReference section */
		270705EC273C1A9500FFD844 /* WriteMemo.storyboard */ = {isa = PBXFileReference; lastKnownFileType = file.storyboard; path = WriteMemo.storyboard; sourceTree = "<group>"; };
		270705EE273C1AB400FFD844 /* WriteMemoViewController.swift */ = {isa = PBXFileReference; lastKnownFileType = sourcecode.swift; path = WriteMemoViewController.swift; sourceTree = "<group>"; };
		270705F8273C2E9D00FFD844 /* MemoModel.swift */ = {isa = PBXFileReference; lastKnownFileType = sourcecode.swift; path = MemoModel.swift; sourceTree = "<group>"; };
		27070601273F183200FFD844 /* UILabel+Extension.swift */ = {isa = PBXFileReference; lastKnownFileType = sourcecode.swift; path = "UILabel+Extension.swift"; sourceTree = "<group>"; };
		27070603273F1D0A00FFD844 /* Onboarding.storyboard */ = {isa = PBXFileReference; lastKnownFileType = file.storyboard; path = Onboarding.storyboard; sourceTree = "<group>"; };
		27070605273F1D3200FFD844 /* OnBoardingViewController.swift */ = {isa = PBXFileReference; lastKnownFileType = sourcecode.swift; path = OnBoardingViewController.swift; sourceTree = "<group>"; };
		279D7CB227396CB0005CA20F /* MemoApp.app */ = {isa = PBXFileReference; explicitFileType = wrapper.application; includeInIndex = 0; path = MemoApp.app; sourceTree = BUILT_PRODUCTS_DIR; };
		279D7CB527396CB0005CA20F /* AppDelegate.swift */ = {isa = PBXFileReference; lastKnownFileType = sourcecode.swift; path = AppDelegate.swift; sourceTree = "<group>"; };
		279D7CB727396CB0005CA20F /* SceneDelegate.swift */ = {isa = PBXFileReference; lastKnownFileType = sourcecode.swift; path = SceneDelegate.swift; sourceTree = "<group>"; };
		279D7CB927396CB0005CA20F /* MemoViewController.swift */ = {isa = PBXFileReference; lastKnownFileType = sourcecode.swift; path = MemoViewController.swift; sourceTree = "<group>"; };
		279D7CBC27396CB0005CA20F /* Base */ = {isa = PBXFileReference; lastKnownFileType = file.storyboard; name = Base; path = Base.lproj/Memo.storyboard; sourceTree = "<group>"; };
		279D7CBE27396CB4005CA20F /* Assets.xcassets */ = {isa = PBXFileReference; lastKnownFileType = folder.assetcatalog; path = Assets.xcassets; sourceTree = "<group>"; };
		279D7CC127396CB4005CA20F /* Base */ = {isa = PBXFileReference; lastKnownFileType = file.storyboard; name = Base; path = Base.lproj/LaunchScreen.storyboard; sourceTree = "<group>"; };
		279D7CC327396CB4005CA20F /* Info.plist */ = {isa = PBXFileReference; lastKnownFileType = text.plist.xml; path = Info.plist; sourceTree = "<group>"; };
		279D7CC927397ED0005CA20F /* memoBackImage.png */ = {isa = PBXFileReference; lastKnownFileType = image.png; path = memoBackImage.png; sourceTree = "<group>"; };
		279D7CCB273AC7D4005CA20F /* CALayer+Extension.swift */ = {isa = PBXFileReference; lastKnownFileType = sourcecode.swift; path = "CALayer+Extension.swift"; sourceTree = "<group>"; };
		279D7CCD273ACDBE005CA20F /* UIView+Extension.swift */ = {isa = PBXFileReference; lastKnownFileType = sourcecode.swift; path = "UIView+Extension.swift"; sourceTree = "<group>"; };
/* End PBXFileReference section */

/* Begin PBXFrameworksBuildPhase section */
		279D7CAF27396CB0005CA20F /* Frameworks */ = {
			isa = PBXFrameworksBuildPhase;
			buildActionMask = 2147483647;
			files = (
				270705FC273D07A000FFD844 /* Toast in Frameworks */,
				270705F4273C2BED00FFD844 /* RealmSwift in Frameworks */,
				270705F2273C2BED00FFD844 /* Realm in Frameworks */,
				270705F7273C2D3500FFD844 /* IQKeyboardManagerSwift in Frameworks */,
			);
			runOnlyForDeploymentPostprocessing = 0;
		};
/* End PBXFrameworksBuildPhase section */

/* Begin PBXGroup section */
		279D7CA927396CB0005CA20F = {
			isa = PBXGroup;
			children = (
				279D7CB427396CB0005CA20F /* MemoApp */,
				279D7CB327396CB0005CA20F /* Products */,
			);
			sourceTree = "<group>";
		};
		279D7CB327396CB0005CA20F /* Products */ = {
			isa = PBXGroup;
			children = (
				279D7CB227396CB0005CA20F /* MemoApp.app */,
			);
			name = Products;
			sourceTree = "<group>";
		};
		279D7CB427396CB0005CA20F /* MemoApp */ = {
			isa = PBXGroup;
			children = (
				279D7CC927397ED0005CA20F /* memoBackImage.png */,
				279D7CB527396CB0005CA20F /* AppDelegate.swift */,
				279D7CB727396CB0005CA20F /* SceneDelegate.swift */,
				279D7CBB27396CB0005CA20F /* Memo.storyboard */,
				279D7CB927396CB0005CA20F /* MemoViewController.swift */,
				270705EC273C1A9500FFD844 /* WriteMemo.storyboard */,
				270705EE273C1AB400FFD844 /* WriteMemoViewController.swift */,
				27070603273F1D0A00FFD844 /* Onboarding.storyboard */,
				27070605273F1D3200FFD844 /* OnBoardingViewController.swift */,
				279D7CCB273AC7D4005CA20F /* CALayer+Extension.swift */,
				279D7CCD273ACDBE005CA20F /* UIView+Extension.swift */,
				27070601273F183200FFD844 /* UILabel+Extension.swift */,
				270705F8273C2E9D00FFD844 /* MemoModel.swift */,
				279D7CBE27396CB4005CA20F /* Assets.xcassets */,
				279D7CC027396CB4005CA20F /* LaunchScreen.storyboard */,
				279D7CC327396CB4005CA20F /* Info.plist */,
			);
			path = MemoApp;
			sourceTree = "<group>";
		};
/* End PBXGroup section */

/* Begin PBXNativeTarget section */
		279D7CB127396CB0005CA20F /* MemoApp */ = {
			isa = PBXNativeTarget;
			buildConfigurationList = 279D7CC627396CB4005CA20F /* Build configuration list for PBXNativeTarget "MemoApp" */;
			buildPhases = (
				279D7CAE27396CB0005CA20F /* Sources */,
				279D7CAF27396CB0005CA20F /* Frameworks */,
				279D7CB027396CB0005CA20F /* Resources */,
			);
			buildRules = (
			);
			dependencies = (
			);
			name = MemoApp;
			packageProductDependencies = (
				270705F1273C2BED00FFD844 /* Realm */,
				270705F3273C2BED00FFD844 /* RealmSwift */,
				270705F6273C2D3500FFD844 /* IQKeyboardManagerSwift */,
				270705FB273D07A000FFD844 /* Toast */,
			);
			productName = MemoApp;
			productReference = 279D7CB227396CB0005CA20F /* MemoApp.app */;
			productType = "com.apple.product-type.application";
		};
/* End PBXNativeTarget section */

/* Begin PBXProject section */
		279D7CAA27396CB0005CA20F /* Project object */ = {
			isa = PBXProject;
			attributes = {
				BuildIndependentTargetsInParallel = 1;
				LastSwiftUpdateCheck = 1310;
				LastUpgradeCheck = 1310;
				TargetAttributes = {
					279D7CB127396CB0005CA20F = {
						CreatedOnToolsVersion = 13.1;
					};
				};
			};
			buildConfigurationList = 279D7CAD27396CB0005CA20F /* Build configuration list for PBXProject "MemoApp" */;
			compatibilityVersion = "Xcode 13.0";
			developmentRegion = en;
			hasScannedForEncodings = 0;
			knownRegions = (
				en,
				Base,
			);
			mainGroup = 279D7CA927396CB0005CA20F;
			packageReferences = (
				270705F0273C2BED00FFD844 /* XCRemoteSwiftPackageReference "realm-cocoa" */,
				270705F5273C2D3400FFD844 /* XCRemoteSwiftPackageReference "IQKeyboardManager" */,
				270705FA273D07A000FFD844 /* XCRemoteSwiftPackageReference "Toast-Swift" */,
			);
			productRefGroup = 279D7CB327396CB0005CA20F /* Products */;
			projectDirPath = "";
			projectRoot = "";
			targets = (
				279D7CB127396CB0005CA20F /* MemoApp */,
			);
		};
/* End PBXProject section */

/* Begin PBXResourcesBuildPhase section */
		279D7CB027396CB0005CA20F /* Resources */ = {
			isa = PBXResourcesBuildPhase;
			buildActionMask = 2147483647;
			files = (
				279D7CC227396CB4005CA20F /* LaunchScreen.storyboard in Resources */,
				279D7CBF27396CB4005CA20F /* Assets.xcassets in Resources */,
				279D7CCA27397ED0005CA20F /* memoBackImage.png in Resources */,
				27070604273F1D0A00FFD844 /* Onboarding.storyboard in Resources */,
				270705ED273C1A9500FFD844 /* WriteMemo.storyboard in Resources */,
				279D7CBD27396CB0005CA20F /* Memo.storyboard in Resources */,
			);
			runOnlyForDeploymentPostprocessing = 0;
		};
/* End PBXResourcesBuildPhase section */

/* Begin PBXSourcesBuildPhase section */
		279D7CAE27396CB0005CA20F /* Sources */ = {
			isa = PBXSourcesBuildPhase;
			buildActionMask = 2147483647;
			files = (
				27070602273F183200FFD844 /* UILabel+Extension.swift in Sources */,
				279D7CBA27396CB0005CA20F /* MemoViewController.swift in Sources */,
				279D7CB627396CB0005CA20F /* AppDelegate.swift in Sources */,
				279D7CB827396CB0005CA20F /* SceneDelegate.swift in Sources */,
				279D7CCE273ACDBE005CA20F /* UIView+Extension.swift in Sources */,
				270705F9273C2E9D00FFD844 /* MemoModel.swift in Sources */,
				27070606273F1D3200FFD844 /* OnBoardingViewController.swift in Sources */,
				270705EF273C1AB400FFD844 /* WriteMemoViewController.swift in Sources */,
				279D7CCC273AC7D4005CA20F /* CALayer+Extension.swift in Sources */,
			);
			runOnlyForDeploymentPostprocessing = 0;
		};
/* End PBXSourcesBuildPhase section */

/* Begin PBXVariantGroup section */
		279D7CBB27396CB0005CA20F /* Memo.storyboard */ = {
			isa = PBXVariantGroup;
			children = (
				279D7CBC27396CB0005CA20F /* Base */,
			);
			name = Memo.storyboard;
			sourceTree = "<group>";
		};
		279D7CC027396CB4005CA20F /* LaunchScreen.storyboard */ = {
			isa = PBXVariantGroup;
			children = (
				279D7CC127396CB4005CA20F /* Base */,
			);
			name = LaunchScreen.storyboard;
			sourceTree = "<group>";
		};
/* End PBXVariantGroup section */

/* Begin XCBuildConfiguration section */
		279D7CC427396CB4005CA20F /* Debug */ = {
			isa = XCBuildConfiguration;
			buildSettings = {
				ALWAYS_SEARCH_USER_PATHS = NO;
				CLANG_ANALYZER_NONNULL = YES;
				CLANG_ANALYZER_NUMBER_OBJECT_CONVERSION = YES_AGGRESSIVE;
				CLANG_CXX_LANGUAGE_STANDARD = "gnu++17";
				CLANG_CXX_LIBRARY = "libc++";
				CLANG_ENABLE_MODULES = YES;
				CLANG_ENABLE_OBJC_ARC = YES;
				CLANG_ENABLE_OBJC_WEAK = YES;
				CLANG_WARN_BLOCK_CAPTURE_AUTORELEASING = YES;
				CLANG_WARN_BOOL_CONVERSION = YES;
				CLANG_WARN_COMMA = YES;
				CLANG_WARN_CONSTANT_CONVERSION = YES;
				CLANG_WARN_DEPRECATED_OBJC_IMPLEMENTATIONS = YES;
				CLANG_WARN_DIRECT_OBJC_ISA_USAGE = YES_ERROR;
				CLANG_WARN_DOCUMENTATION_COMMENTS = YES;
				CLANG_WARN_EMPTY_BODY = YES;
				CLANG_WARN_ENUM_CONVERSION = YES;
				CLANG_WARN_INFINITE_RECURSION = YES;
				CLANG_WARN_INT_CONVERSION = YES;
				CLANG_WARN_NON_LITERAL_NULL_CONVERSION = YES;
				CLANG_WARN_OBJC_IMPLICIT_RETAIN_SELF = YES;
				CLANG_WARN_OBJC_LITERAL_CONVERSION = YES;
				CLANG_WARN_OBJC_ROOT_CLASS = YES_ERROR;
				CLANG_WARN_QUOTED_INCLUDE_IN_FRAMEWORK_HEADER = YES;
				CLANG_WARN_RANGE_LOOP_ANALYSIS = YES;
				CLANG_WARN_STRICT_PROTOTYPES = YES;
				CLANG_WARN_SUSPICIOUS_MOVE = YES;
				CLANG_WARN_UNGUARDED_AVAILABILITY = YES_AGGRESSIVE;
				CLANG_WARN_UNREACHABLE_CODE = YES;
				CLANG_WARN__DUPLICATE_METHOD_MATCH = YES;
				COPY_PHASE_STRIP = NO;
				DEBUG_INFORMATION_FORMAT = dwarf;
				ENABLE_STRICT_OBJC_MSGSEND = YES;
				ENABLE_TESTABILITY = YES;
				GCC_C_LANGUAGE_STANDARD = gnu11;
				GCC_DYNAMIC_NO_PIC = NO;
				GCC_NO_COMMON_BLOCKS = YES;
				GCC_OPTIMIZATION_LEVEL = 0;
				GCC_PREPROCESSOR_DEFINITIONS = (
					"DEBUG=1",
					"$(inherited)",
				);
				GCC_WARN_64_TO_32_BIT_CONVERSION = YES;
				GCC_WARN_ABOUT_RETURN_TYPE = YES_ERROR;
				GCC_WARN_UNDECLARED_SELECTOR = YES;
				GCC_WARN_UNINITIALIZED_AUTOS = YES_AGGRESSIVE;
				GCC_WARN_UNUSED_FUNCTION = YES;
				GCC_WARN_UNUSED_VARIABLE = YES;
				IPHONEOS_DEPLOYMENT_TARGET = 15.0;
				MTL_ENABLE_DEBUG_INFO = INCLUDE_SOURCE;
				MTL_FAST_MATH = YES;
				ONLY_ACTIVE_ARCH = YES;
				SDKROOT = iphoneos;
				SWIFT_ACTIVE_COMPILATION_CONDITIONS = DEBUG;
				SWIFT_OPTIMIZATION_LEVEL = "-Onone";
			};
			name = Debug;
		};
		279D7CC527396CB4005CA20F /* Release */ = {
			isa = XCBuildConfiguration;
			buildSettings = {
				ALWAYS_SEARCH_USER_PATHS = NO;
				CLANG_ANALYZER_NONNULL = YES;
				CLANG_ANALYZER_NUMBER_OBJECT_CONVERSION = YES_AGGRESSIVE;
				CLANG_CXX_LANGUAGE_STANDARD = "gnu++17";
				CLANG_CXX_LIBRARY = "libc++";
				CLANG_ENABLE_MODULES = YES;
				CLANG_ENABLE_OBJC_ARC = YES;
				CLANG_ENABLE_OBJC_WEAK = YES;
				CLANG_WARN_BLOCK_CAPTURE_AUTORELEASING = YES;
				CLANG_WARN_BOOL_CONVERSION = YES;
				CLANG_WARN_COMMA = YES;
				CLANG_WARN_CONSTANT_CONVERSION = YES;
				CLANG_WARN_DEPRECATED_OBJC_IMPLEMENTATIONS = YES;
				CLANG_WARN_DIRECT_OBJC_ISA_USAGE = YES_ERROR;
				CLANG_WARN_DOCUMENTATION_COMMENTS = YES;
				CLANG_WARN_EMPTY_BODY = YES;
				CLANG_WARN_ENUM_CONVERSION = YES;
				CLANG_WARN_INFINITE_RECURSION = YES;
				CLANG_WARN_INT_CONVERSION = YES;
				CLANG_WARN_NON_LITERAL_NULL_CONVERSION = YES;
				CLANG_WARN_OBJC_IMPLICIT_RETAIN_SELF = YES;
				CLANG_WARN_OBJC_LITERAL_CONVERSION = YES;
				CLANG_WARN_OBJC_ROOT_CLASS = YES_ERROR;
				CLANG_WARN_QUOTED_INCLUDE_IN_FRAMEWORK_HEADER = YES;
				CLANG_WARN_RANGE_LOOP_ANALYSIS = YES;
				CLANG_WARN_STRICT_PROTOTYPES = YES;
				CLANG_WARN_SUSPICIOUS_MOVE = YES;
				CLANG_WARN_UNGUARDED_AVAILABILITY = YES_AGGRESSIVE;
				CLANG_WARN_UNREACHABLE_CODE = YES;
				CLANG_WARN__DUPLICATE_METHOD_MATCH = YES;
				COPY_PHASE_STRIP = NO;
				DEBUG_INFORMATION_FORMAT = "dwarf-with-dsym";
				ENABLE_NS_ASSERTIONS = NO;
				ENABLE_STRICT_OBJC_MSGSEND = YES;
				GCC_C_LANGUAGE_STANDARD = gnu11;
				GCC_NO_COMMON_BLOCKS = YES;
				GCC_WARN_64_TO_32_BIT_CONVERSION = YES;
				GCC_WARN_ABOUT_RETURN_TYPE = YES_ERROR;
				GCC_WARN_UNDECLARED_SELECTOR = YES;
				GCC_WARN_UNINITIALIZED_AUTOS = YES_AGGRESSIVE;
				GCC_WARN_UNUSED_FUNCTION = YES;
				GCC_WARN_UNUSED_VARIABLE = YES;
				IPHONEOS_DEPLOYMENT_TARGET = 15.0;
				MTL_ENABLE_DEBUG_INFO = NO;
				MTL_FAST_MATH = YES;
				SDKROOT = iphoneos;
				SWIFT_COMPILATION_MODE = wholemodule;
				SWIFT_OPTIMIZATION_LEVEL = "-O";
				VALIDATE_PRODUCT = YES;
			};
			name = Release;
		};
		279D7CC727396CB4005CA20F /* Debug */ = {
			isa = XCBuildConfiguration;
			buildSettings = {
				ASSETCATALOG_COMPILER_APPICON_NAME = AppIcon;
				ASSETCATALOG_COMPILER_GLOBAL_ACCENT_COLOR_NAME = AccentColor;
				CODE_SIGN_STYLE = Automatic;
				CURRENT_PROJECT_VERSION = 1;
				DEVELOPMENT_TEAM = VJUS985676;
				GENERATE_INFOPLIST_FILE = YES;
				INFOPLIST_FILE = MemoApp/Info.plist;
				INFOPLIST_KEY_CFBundleDisplayName = "메모:리";
				INFOPLIST_KEY_UIApplicationSupportsIndirectInputEvents = YES;
				INFOPLIST_KEY_UILaunchStoryboardName = LaunchScreen;
				INFOPLIST_KEY_UIMainStoryboardFile = Memo;
				INFOPLIST_KEY_UISupportedInterfaceOrientations_iPad = "UIInterfaceOrientationPortrait UIInterfaceOrientationPortraitUpsideDown UIInterfaceOrientationLandscapeLeft UIInterfaceOrientationLandscapeRight";
				INFOPLIST_KEY_UISupportedInterfaceOrientations_iPhone = "UIInterfaceOrientationPortrait UIInterfaceOrientationLandscapeLeft UIInterfaceOrientationLandscapeRight";
				IPHONEOS_DEPLOYMENT_TARGET = 13.0;
				LD_RUNPATH_SEARCH_PATHS = (
					"$(inherited)",
					"@executable_path/Frameworks",
				);
				MARKETING_VERSION = 1.0;
				PRODUCT_BUNDLE_IDENTIFIER = com.yeop.MemoApp;
				PRODUCT_NAME = "$(TARGET_NAME)";
				SWIFT_EMIT_LOC_STRINGS = YES;
				SWIFT_VERSION = 5.0;
				TARGETED_DEVICE_FAMILY = 1;
			};
			name = Debug;
		};
		279D7CC827396CB4005CA20F /* Release */ = {
			isa = XCBuildConfiguration;
			buildSettings = {
				ASSETCATALOG_COMPILER_APPICON_NAME = AppIcon;
				ASSETCATALOG_COMPILER_GLOBAL_ACCENT_COLOR_NAME = AccentColor;
				CODE_SIGN_STYLE = Automatic;
				CURRENT_PROJECT_VERSION = 1;
				DEVELOPMENT_TEAM = VJUS985676;
				GENERATE_INFOPLIST_FILE = YES;
				INFOPLIST_FILE = MemoApp/Info.plist;
				INFOPLIST_KEY_CFBundleDisplayName = "메모:리";
				INFOPLIST_KEY_UIApplicationSupportsIndirectInputEvents = YES;
				INFOPLIST_KEY_UILaunchStoryboardName = LaunchScreen;
				INFOPLIST_KEY_UIMainStoryboardFile = Memo;
				INFOPLIST_KEY_UISupportedInterfaceOrientations_iPad = "UIInterfaceOrientationPortrait UIInterfaceOrientationPortraitUpsideDown UIInterfaceOrientationLandscapeLeft UIInterfaceOrientationLandscapeRight";
				INFOPLIST_KEY_UISupportedInterfaceOrientations_iPhone = "UIInterfaceOrientationPortrait UIInterfaceOrientationLandscapeLeft UIInterfaceOrientationLandscapeRight";
				IPHONEOS_DEPLOYMENT_TARGET = 13.0;
				LD_RUNPATH_SEARCH_PATHS = (
					"$(inherited)",
					"@executable_path/Frameworks",
				);
				MARKETING_VERSION = 1.0;
				PRODUCT_BUNDLE_IDENTIFIER = com.yeop.MemoApp;
				PRODUCT_NAME = "$(TARGET_NAME)";
				SWIFT_EMIT_LOC_STRINGS = YES;
				SWIFT_VERSION = 5.0;
				TARGETED_DEVICE_FAMILY = 1;
			};
			name = Release;
		};
/* End XCBuildConfiguration section */

/* Begin XCConfigurationList section */
		279D7CAD27396CB0005CA20F /* Build configuration list for PBXProject "MemoApp" */ = {
			isa = XCConfigurationList;
			buildConfigurations = (
				279D7CC427396CB4005CA20F /* Debug */,
				279D7CC527396CB4005CA20F /* Release */,
			);
			defaultConfigurationIsVisible = 0;
			defaultConfigurationName = Release;
		};
		279D7CC627396CB4005CA20F /* Build configuration list for PBXNativeTarget "MemoApp" */ = {
			isa = XCConfigurationList;
			buildConfigurations = (
				279D7CC727396CB4005CA20F /* Debug */,
				279D7CC827396CB4005CA20F /* Release */,
			);
			defaultConfigurationIsVisible = 0;
			defaultConfigurationName = Release;
		};
/* End XCConfigurationList section */

/* Begin XCRemoteSwiftPackageReference section */
		270705F0273C2BED00FFD844 /* XCRemoteSwiftPackageReference "realm-cocoa" */ = {
			isa = XCRemoteSwiftPackageReference;
			repositoryURL = "https://github.com/realm/realm-cocoa.git";
			requirement = {
				kind = exactVersion;
				version = 10.18.0;
			};
		};
		270705F5273C2D3400FFD844 /* XCRemoteSwiftPackageReference "IQKeyboardManager" */ = {
			isa = XCRemoteSwiftPackageReference;
			repositoryURL = "https://github.com/hackiftekhar/IQKeyboardManager.git";
			requirement = {
				kind = upToNextMajorVersion;
				minimumVersion = 6.0.0;
			};
		};
		270705FA273D07A000FFD844 /* XCRemoteSwiftPackageReference "Toast-Swift" */ = {
			isa = XCRemoteSwiftPackageReference;
			repositoryURL = "https://github.com/scalessec/Toast-Swift.git";
			requirement = {
				kind = upToNextMajorVersion;
				minimumVersion = 5.0.0;
			};
		};
/* End XCRemoteSwiftPackageReference section */

/* Begin XCSwiftPackageProductDependency section */
		270705F1273C2BED00FFD844 /* Realm */ = {
			isa = XCSwiftPackageProductDependency;
			package = 270705F0273C2BED00FFD844 /* XCRemoteSwiftPackageReference "realm-cocoa" */;
			productName = Realm;
		};
		270705F3273C2BED00FFD844 /* RealmSwift */ = {
			isa = XCSwiftPackageProductDependency;
			package = 270705F0273C2BED00FFD844 /* XCRemoteSwiftPackageReference "realm-cocoa" */;
			productName = RealmSwift;
		};
		270705F6273C2D3500FFD844 /* IQKeyboardManagerSwift */ = {
			isa = XCSwiftPackageProductDependency;
			package = 270705F5273C2D3400FFD844 /* XCRemoteSwiftPackageReference "IQKeyboardManager" */;
			productName = IQKeyboardManagerSwift;
		};
		270705FB273D07A000FFD844 /* Toast */ = {
			isa = XCSwiftPackageProductDependency;
			package = 270705FA273D07A000FFD844 /* XCRemoteSwiftPackageReference "Toast-Swift" */;
			productName = Toast;
		};
/* End XCSwiftPackageProductDependency section */
	};
	rootObject = 279D7CAA27396CB0005CA20F /* Project object */;
}
